{
  "version": "4",
  "specifiers": {
    "jsr:@std/dotenv@*": "0.225.2",
    "npm:@atcute/bluesky-richtext-builder@*": "1.0.2_@atcute+bluesky@1.0.8__@atcute+client@2.0.4_@atcute+client@2.0.4",
    "npm:@atcute/client@^2.0.3": "2.0.4",
    "npm:fontkit@*": "2.0.4",
    "npm:hyphenation.en-us@*": "0.2.1",
    "npm:tex-linebreak@*": "0.7.1"
  },
  "jsr": {
    "@std/dotenv@0.225.2": {
      "integrity": "e2025dce4de6c7bca21dece8baddd4262b09d5187217e231b033e088e0c4dd23"
    }
  },
  "npm": {
    "@atcute/bluesky-richtext-builder@1.0.2_@atcute+bluesky@1.0.8__@atcute+client@2.0.4_@atcute+client@2.0.4": {
      "integrity": "sha512-sa+9B5Ygb1GcWeMpav9RVBRdFLL5snZEoFFF2RkTaNr61m/cLd5lk97QJs+t9LXUEl5cfHS3jXujywFrGXZj9w==",
      "dependencies": [
        "@atcute/bluesky",
        "@atcute/client"
      ]
    },
    "@atcute/bluesky@1.0.8_@atcute+client@2.0.4": {
      "integrity": "sha512-XqAZHYh65ZyBBT5rRkEhP656THYaY6CE+EY0AZXkIDaXJNdIl9KINZW5dnSrVWifspJbM+gUw1QFlCv8Yrx01g==",
      "dependencies": [
        "@atcute/client"
      ]
    },
    "@atcute/client@2.0.4": {
      "integrity": "sha512-bKA6KEOmrdhU2CDRNp13M4WyKN0EdrVLKJffzPo62ANSTMacz5hRJhmvQYwuo7BZSGIoDql4sH+QR6Xbk3DERg=="
    },
    "@swc/helpers@0.5.13": {
      "integrity": "sha512-UoKGxQ3r5kYI9dALKJapMmuK+1zWM/H17Z1+iwnNmzcJRnfFuevZs375TA5rW31pu4BS4NoSy1fRsexDXfWn5w==",
      "dependencies": [
        "tslib"
      ]
    },
    "base64-js@1.5.1": {
      "integrity": "sha512-AKpaYlHn8t4SVbOHCy+b5+KKgvR4vrsD8vbvrbiQJps7fKDTkjkDry6ji0rUJjC0kzbNePLwzxq8iypo41qeWA=="
    },
    "brotli@1.3.3": {
      "integrity": "sha512-oTKjJdShmDuGW94SyyaoQvAjf30dZaHnjJ8uAF+u2/vGJkJbJPJAT1gDiOJP5v1Zb6f9KEyW/1HpuaWIXtGHPg==",
      "dependencies": [
        "base64-js"
      ]
    },
    "clone@2.1.2": {
      "integrity": "sha512-3Pe/CF1Nn94hyhIYpjtiLhdCoEoz0DqQ+988E9gmeEdQZlojxnOb74wctFyuwWQHzqyf9X7C7MG8juUpqBJT8w=="
    },
    "dfa@1.2.0": {
      "integrity": "sha512-ED3jP8saaweFTjeGX8HQPjeC1YYyZs98jGNZx6IiBvxW7JG5v492kamAQB3m2wop07CvU/RQmzcKr6bgcC5D/Q=="
    },
    "fast-deep-equal@3.1.3": {
      "integrity": "sha512-f3qQ9oQy9j2AhBe/H9VC91wLmKBCCU/gDOnKNAYG5hswO7BLKj09Hc5HYNz9cGI++xlpDCIgDaitVs03ATR84Q=="
    },
    "fontkit@2.0.4": {
      "integrity": "sha512-syetQadaUEDNdxdugga9CpEYVaQIxOwk7GlwZWWZ19//qW4zE5bknOKeMBDYAASwnpaSHKJITRLMF9m1fp3s6g==",
      "dependencies": [
        "@swc/helpers",
        "brotli",
        "clone",
        "dfa",
        "fast-deep-equal",
        "restructure",
        "tiny-inflate",
        "unicode-properties",
        "unicode-trie"
      ]
    },
    "hyphenation.en-us@0.2.1": {
      "integrity": "sha512-ItXYgvIpfN8rfXl/GTBQC7DsSb5PPsKh9gGzViK/iWzCS5mvjDebFJ6xCcIYo8dal+nSp2rUzvTT7BosrKlL8A==",
      "dependencies": [
        "hypher"
      ]
    },
    "hypher@0.2.5": {
      "integrity": "sha512-kUTpuyzBWWDO2VakmjHC/cxesg4lKQP+Fdc+7lrK4yvjNjkV9vm5UTZMDAwOyyHTOpbkYrAMlNZHG61NnE9vYQ=="
    },
    "pako@0.2.9": {
      "integrity": "sha512-NUcwaKxUxWrZLpDG+z/xZaCgQITkA/Dv4V/T6bw7VON6l1Xz/VnrBqrYjZQ12TamKHzITTfOEIYUj48y2KXImA=="
    },
    "restructure@3.0.2": {
      "integrity": "sha512-gSfoiOEA0VPE6Tukkrr7I0RBdE0s7H1eFCDBk05l1KIQT1UIKNc5JZy6jdyW6eYH3aR3g5b3PuL77rq0hvwtAw=="
    },
    "tex-linebreak@0.7.1": {
      "integrity": "sha512-DioAcgbUGvacQSNJBcHoIUl2MnjWpNGz3R9tDX6gjtn/c+59ySW1dyFGMhIpl+u7sT+ywRwYAoAtk+wA5xUIsg=="
    },
    "tiny-inflate@1.0.3": {
      "integrity": "sha512-pkY1fj1cKHb2seWDy0B16HeWyczlJA9/WW3u3c4z/NiWDsO3DOU5D7nhTLE9CF0yXv/QZFY7sEJmj24dK+Rrqw=="
    },
    "tslib@2.7.0": {
      "integrity": "sha512-gLXCKdN1/j47AiHiOkJN69hJmcbGTHI0ImLmbYLHykhgeN0jVGola9yVjFgzCUklsZQMW55o+dW7IXv3RCXDzA=="
    },
    "unicode-properties@1.4.1": {
      "integrity": "sha512-CLjCCLQ6UuMxWnbIylkisbRj31qxHPAurvena/0iwSVbQ2G1VY5/HjV0IRabOEbDHlzZlRdCrD4NhB0JtU40Pg==",
      "dependencies": [
        "base64-js",
        "unicode-trie"
      ]
    },
    "unicode-trie@2.0.0": {
      "integrity": "sha512-x7bc76x0bm4prf1VLg79uhAzKw8DVboClSN5VxJuQ+LKDOVEW9CdH+VY7SP+vX7xCYQqzzgQpFqz15zeLvAtZQ==",
      "dependencies": [
        "pako",
        "tiny-inflate"
      ]
    }
  },
  "remote": {
    "https://deno.land/x/imagescript@1.3.0/ImageScript.js": "cf90773c966031edd781ed176c598f7ed495e7694cd9b86c986d2d97f783cca0",
    "https://deno.land/x/imagescript@1.3.0/mod.ts": "18a6cb83c55e690c873505f6fe867364c678afb64934fe7aef593a6b92f79995",
    "https://deno.land/x/imagescript@1.3.0/png/src/crc.mjs": "5cf50de181d61dd00e66a240d811018ba5070afa8bba302f393604404604de84",
    "https://deno.land/x/imagescript@1.3.0/png/src/mem.mjs": "4968d400dae069b4bf0ef4767c1802fd2cc7d15d90eda4cfadf5b4cd19b96c6d",
    "https://deno.land/x/imagescript@1.3.0/png/src/png.mjs": "96ef0ceff1b5a6cd9304749e5f187b4ab238509fb5f9a8be8ee934240271ed8d",
    "https://deno.land/x/imagescript@1.3.0/png/src/zlib.mjs": "9867dc3fab1d31b664f9344b0d7e977f493d9c912a76c760d012ed2b89f7061c",
    "https://deno.land/x/imagescript@1.3.0/utils/buffer.js": "952cb1beb8827e50a493a5d1f29a4845e8c648789406d389dd51f51205ba02d8",
    "https://deno.land/x/imagescript@1.3.0/utils/crc32.js": "573d6222b3605890714ebc374e687ec2aa3e9a949223ea199483e47ca4864f7d",
    "https://deno.land/x/imagescript@1.3.0/utils/png.js": "fbed9117e0a70602645d70df9c103ff6e79c03e987bd5c1685dcb4200729b6de",
    "https://deno.land/x/imagescript@1.3.0/utils/wasm/font.js": "9e75d842608c057045698d6a7cdf5ffd27241b5cdea0391c89a1917b31294524",
    "https://deno.land/x/imagescript@1.3.0/utils/wasm/gif.js": "8b86f7b96486bb8ff50fbc7c7487f86cb5cef85e6acd71e1def78a1aa2f12e4f",
    "https://deno.land/x/imagescript@1.3.0/utils/wasm/jpeg.js": "75295e2fcf96b4f7bb894b3844fdaa8140d63169d28b466b5d5be89d59a7b6e6",
    "https://deno.land/x/imagescript@1.3.0/utils/wasm/png.js": "0659536a8dd8f892c8346e268b2754b4414fad0ec1e9794dfcde1ba1c804ee02",
    "https://deno.land/x/imagescript@1.3.0/utils/wasm/svg.js": "f5c8a9d1977b51a7c07549ceb6bbbaca9497321a193f28b3dc229a42d91bcf14",
    "https://deno.land/x/imagescript@1.3.0/utils/wasm/tiff.js": "c2d7bdaef094df25aae1752e75167f485e89275d76a1379e39d8949580b7af4f",
    "https://deno.land/x/imagescript@1.3.0/utils/wasm/zlib.js": "749875f83abffe24d3b977475a0cbd5f9b52bee1fbdbef61ec183cbfc17805f6",
    "https://deno.land/x/imagescript@1.3.0/v2/framebuffer.mjs": "add44ff184636659714b3c6d4b896f628545451abffbc30b5bcc2e8d9a73d012",
    "https://deno.land/x/imagescript@1.3.0/v2/ops/blur.mjs": "80716f1ffab8a2aeb54a036f583bf51a2b9dd37e005adc000add803df8e8a12f",
    "https://deno.land/x/imagescript@1.3.0/v2/ops/color.mjs": "5e72cdcbf97dc939a2795223f01e3cb0544c0c56b03ea2aa026050df58348814",
    "https://deno.land/x/imagescript@1.3.0/v2/ops/crop.mjs": "69431fa6f687fd9f0c31eff0ec27d7ac925275005e53a37f0c3fab4cc4d9a9ea",
    "https://deno.land/x/imagescript@1.3.0/v2/ops/fill.mjs": "cf1b9488314753fbc9ebf03410ac74c2a34ea5a69fb6892cd6e8366cd1930d93",
    "https://deno.land/x/imagescript@1.3.0/v2/ops/flip.mjs": "825a34a66567dcf15e76a719f1bf2f66fb106503cd69942292b1b0ae05c5718e",
    "https://deno.land/x/imagescript@1.3.0/v2/ops/index.mjs": "423ba687119be2bba8cec72890577d3afa3621b6b8108912242fe937a183f2aa",
    "https://deno.land/x/imagescript@1.3.0/v2/ops/iterator.mjs": "c2adf3d90ce00719a02c48c97634574176a3501ff026676259bd71aa8f5d69b9",
    "https://deno.land/x/imagescript@1.3.0/v2/ops/overlay.mjs": "7e6e2c2ffd25006d52597ab8babc5f8f503d388a3fdf2fbc0eaea02799a020c9",
    "https://deno.land/x/imagescript@1.3.0/v2/ops/resize.mjs": "814e78ebce8eaf8f1f918688db7b52a141405e06a36ed4b25d04413d69e7d17b",
    "https://deno.land/x/imagescript@1.3.0/v2/ops/rotate.mjs": "a1b65616717bd2eed8db406affea3263b4674dada46b56441ef38167a187455d",
    "https://deno.land/x/imagescript@1.3.0/v2/util/mem.mjs": "4968d400dae069b4bf0ef4767c1802fd2cc7d15d90eda4cfadf5b4cd19b96c6d"
  }
}
