{
  "version": "4",
  "specifiers": {
    "jsr:@denosaurs/plug@1.0.5": "1.0.5",
    "jsr:@gfx/canvas@0.5.7": "0.5.7",
    "jsr:@std/assert@0.214": "0.214.0",
    "jsr:@std/assert@0.217": "0.217.0",
    "jsr:@std/dotenv@*": "0.225.2",
    "jsr:@std/encoding@0.214": "0.214.0",
    "jsr:@std/encoding@0.217.0": "0.217.0",
    "jsr:@std/fmt@0.214": "0.214.0",
    "jsr:@std/fs@0.214": "0.214.0",
    "jsr:@std/fs@0.217.0": "0.217.0",
    "jsr:@std/path@0.214": "0.214.0",
    "jsr:@std/path@0.217": "0.217.0",
    "jsr:@std/path@0.217.0": "0.217.0",
    "npm:@atcute/bluesky-richtext-builder@*": "1.0.1_@atcute+bluesky@1.0.7__@atcute+client@2.0.3_@atcute+client@2.0.3",
    "npm:@atcute/client@^2.0.3": "2.0.3",
    "npm:tex-linebreak@*": "0.7.1"
  },
  "jsr": {
    "@denosaurs/plug@1.0.5": {
      "integrity": "04cd988da558adc226202d88c3a434d5fcc08146eaf4baf0cea0c2284b16d2bf",
      "dependencies": [
        "jsr:@std/encoding@0.214",
        "jsr:@std/fmt",
        "jsr:@std/fs@0.214",
        "jsr:@std/path@0.214"
      ]
    },
    "@gfx/canvas@0.5.7": {
      "integrity": "cd054e34f64763c7e6958bedc5fef00def929c20ebb89da5687112b5d402dbe3",
      "dependencies": [
        "jsr:@denosaurs/plug",
        "jsr:@std/encoding@0.217.0",
        "jsr:@std/fs@0.217.0",
        "jsr:@std/path@0.217.0"
      ]
    },
    "@std/assert@0.214.0": {
      "integrity": "55d398de76a9828fd3b1aa653f4dba3eee4c6985d90c514865d2be9bd082b140"
    },
    "@std/assert@0.217.0": {
      "integrity": "c98e279362ca6982d5285c3b89517b757c1e3477ee9f14eb2fdf80a45aaa9642"
    },
    "@std/dotenv@0.225.2": {
      "integrity": "e2025dce4de6c7bca21dece8baddd4262b09d5187217e231b033e088e0c4dd23"
    },
    "@std/encoding@0.214.0": {
      "integrity": "30a8713e1db22986c7e780555ffd2fefd1d4f9374d734bb41f5970f6c3352af5"
    },
    "@std/encoding@0.217.0": {
      "integrity": "b03e8ff94c98d6b6a02c02c5cf8e5d203400155516248964fc4559abc04669dc"
    },
    "@std/fmt@0.214.0": {
      "integrity": "40382cff88a0783b347b4d69b94cf931ab8e549a733916718cb866c08efac4d4"
    },
    "@std/fs@0.214.0": {
      "integrity": "bc880fea0be120cb1550b1ed7faf92fe071003d83f2456a1e129b39193d85bea",
      "dependencies": [
        "jsr:@std/assert@0.214",
        "jsr:@std/path@0.214"
      ]
    },
    "@std/fs@0.217.0": {
      "integrity": "0bfff5f3618d68c385b28b4ffbf3a15c98293a0f1186444458b62e0111ce77b2",
      "dependencies": [
        "jsr:@std/assert@0.217",
        "jsr:@std/path@0.217"
      ]
    },
    "@std/path@0.214.0": {
      "integrity": "d5577c0b8d66f7e8e3586d864ebdf178bb326145a3611da5a51c961740300285",
      "dependencies": [
        "jsr:@std/assert@0.214"
      ]
    },
    "@std/path@0.217.0": {
      "integrity": "1217cc25534bca9a2f672d7fe7c6f356e4027df400c0e85c0ef3e4343bc67d11",
      "dependencies": [
        "jsr:@std/assert@0.217"
      ]
    }
  },
  "npm": {
    "@atcute/bluesky-richtext-builder@1.0.1_@atcute+bluesky@1.0.7__@atcute+client@2.0.3_@atcute+client@2.0.3": {
      "integrity": "sha512-msyKHZa47id7Oe2zHpgPSuL+l9vLQXmKfi6uyMOS5yw6nLpNd5Tdb96wcgwscMmyH8UR4EoM+2oYLvyH89DcEQ==",
      "dependencies": [
        "@atcute/bluesky",
        "@atcute/client"
      ]
    },
    "@atcute/bluesky@1.0.7_@atcute+client@2.0.3": {
      "integrity": "sha512-2jPHzl7WbcqRtcAXanJy4Lp638ujqnoGmPCPmBlmpEDP34D7EVKQqjN/mlvglb5n539dThA9xlSgIS8yOxwzDA==",
      "dependencies": [
        "@atcute/client"
      ]
    },
    "@atcute/client@2.0.3": {
      "integrity": "sha512-j9GryA5l+4F0BTQWa6/1XmsuSPSq+bqNCY3mrHUGD592hMqUZxgpYDLgRWL+719V287AW/56AwvFYlbjlENp7A=="
    },
    "tex-linebreak@0.7.1": {
      "integrity": "sha512-DioAcgbUGvacQSNJBcHoIUl2MnjWpNGz3R9tDX6gjtn/c+59ySW1dyFGMhIpl+u7sT+ywRwYAoAtk+wA5xUIsg=="
    }
  }
}
